
Microsoft Visual Studio Solution File, Format Version 12.00
# Visual Studio 15
VisualStudioVersion = 15.0.28010.2050
MinimumVisualStudioVersion = 10.0.40219.1
Project("{FAE04EC0-301F-11D3-BF4B-00C04F79EFBC}") = "undergraduate_practice", "undergraduate_practice\undergraduate_practice.csproj", "{7950B07D-76C6-4579-B676-E0503505D4D4}"
EndProject
Global
	GlobalSection(SolutionConfigurationPlatforms) = preSolution
		Debug|Any CPU = Debug|Any CPU
		Release|Any CPU = Release|Any CPU
	EndGlobalSection
	GlobalSection(ProjectConfigurationPlatforms) = postSolution
		{7950B07D-76C6-4579-B676-E0503505D4D4}.Debug|Any CPU.ActiveCfg = Debug|Any CPU
		{7950B07D-76C6-4579-B676-E0503505D4D4}.Debug|Any CPU.Build.0 = Debug|Any CPU
		{7950B07D-76C6-4579-B676-E0503505D4D4}.Release|Any CPU.ActiveCfg = Release|Any CPU
		{7950B07D-76C6-4579-B676-E0503505D4D4}.Release|Any CPU.Build.0 = Release|Any CPU
	EndGlobalSection
	GlobalSection(SolutionProperties) = preSolution
		HideSolutionNode = FALSE
	EndGlobalSection
	GlobalSection(ExtensibilityGlobals) = postSolution
		SolutionGuid = {3550D790-AE4F-4C95-B026-5B9DA860017B}
	EndGlobalSection
EndGlobal
